
Microsoft Visual Studio Solution File, Format Version 12.00
# Visual Studio Version 17
VisualStudioVersion = 17.7.34018.315
MinimumVisualStudioVersion = 10.0.40219.1
Project("{FAE04EC0-301F-11D3-BF4B-00C04F79EFBC}") = "Övningar 31_8", "Övningar 31_8\Övningar 31_8.csproj", "{33F5E3BE-1FB3-4460-8369-D6468EB73C5A}"
EndProject
Global
	GlobalSection(SolutionConfigurationPlatforms) = preSolution
		Debug|Any CPU = Debug|Any CPU
		Release|Any CPU = Release|Any CPU
	EndGlobalSection
	GlobalSection(ProjectConfigurationPlatforms) = postSolution
		{33F5E3BE-1FB3-4460-8369-D6468EB73C5A}.Debug|Any CPU.ActiveCfg = Debug|Any CPU
		{33F5E3BE-1FB3-4460-8369-D6468EB73C5A}.Debug|Any CPU.Build.0 = Debug|Any CPU
		{33F5E3BE-1FB3-4460-8369-D6468EB73C5A}.Release|Any CPU.ActiveCfg = Release|Any CPU
		{33F5E3BE-1FB3-4460-8369-D6468EB73C5A}.Release|Any CPU.Build.0 = Release|Any CPU
	EndGlobalSection
	GlobalSection(SolutionProperties) = preSolution
		HideSolutionNode = FALSE
	EndGlobalSection
	GlobalSection(ExtensibilityGlobals) = postSolution
		SolutionGuid = {770E5859-5F66-455B-94F2-1E929FD8930D}
	EndGlobalSection
EndGlobal
